
Microsoft Visual Studio Solution File, Format Version 12.00
# Visual Studio Version 17
VisualStudioVersion = 17.7.34031.279
MinimumVisualStudioVersion = 10.0.40219.1
Project("{FAE04EC0-301F-11D3-BF4B-00C04F79EFBC}") = "HelpingHands", "HelpingHands\HelpingHands.csproj", "{EA4598A7-15B9-40B0-A6BD-F3D8ECE26487}"
EndProject
Project("{2150E333-8FDC-42A3-9474-1A3956D46DE8}") = "Solution Items", "Solution Items", "{3BC6DF38-42E0-4BDE-9F3F-C13CFCBEF8EE}"
	ProjectSection(SolutionItems) = preProject
		.editorconfig = .editorconfig
	EndProjectSection
EndProject
Global
	GlobalSection(SolutionConfigurationPlatforms) = preSolution
		Debug|Any CPU = Debug|Any CPU
		Release|Any CPU = Release|Any CPU
	EndGlobalSection
	GlobalSection(ProjectConfigurationPlatforms) = postSolution
		{EA4598A7-15B9-40B0-A6BD-F3D8ECE26487}.Debug|Any CPU.ActiveCfg = Debug|Any CPU
		{EA4598A7-15B9-40B0-A6BD-F3D8ECE26487}.Debug|Any CPU.Build.0 = Debug|Any CPU
		{EA4598A7-15B9-40B0-A6BD-F3D8ECE26487}.Release|Any CPU.ActiveCfg = Release|Any CPU
		{EA4598A7-15B9-40B0-A6BD-F3D8ECE26487}.Release|Any CPU.Build.0 = Release|Any CPU
	EndGlobalSection
	GlobalSection(SolutionProperties) = preSolution
		HideSolutionNode = FALSE
	EndGlobalSection
	GlobalSection(ExtensibilityGlobals) = postSolution
		SolutionGuid = {9BBE0116-E089-4021-A54A-A63DD47753B2}
	EndGlobalSection
EndGlobal
